# This file was autogenerated by Stack.
# You should not edit this file by hand.
# For more information, please see the documentation at:
#   https://docs.haskellstack.org/en/stable/lock_files

packages:
- completed:
    hackage: postgresql-simple-migration-0.1.15.0@sha256:123d8f62b0e300aede37e2d6dacc81b9468cb68dc5c3f52fe807085992280aa8,3969
    pantry-tree:
      size: 766
      sha256: 186c759339e91c18b51879a5795f6cf8db2639001eb6b0e7c017d90e5dfa6ab2
  original:
    hackage: postgresql-simple-migration-0.1.15.0@sha256:123d8f62b0e300aede37e2d6dacc81b9468cb68dc5c3f52fe807085992280aa8,3969
- completed:
    hackage: hedis-0.15.0@sha256:b779ad63ff33bbb036c38e7eeb28ff1678fc22852027f5c1ea65a45ca03d5e5a,6291
    pantry-tree:
      size: 1776
      sha256: db505ca57d6dd8597660ea86eb92cefcf9850b05e46eaed86aa904e9c4049138
  original:
    hackage: hedis-0.15.0
- completed:
    hackage: digestive-functors-0.8.4.0@sha256:eb2ce9e55a8d2f26a9f5c8386e0d764fe1ce47eb0430af84104bf12dab431fa9,3287
    pantry-tree:
      size: 1682
      sha256: 825eb6308f9b5ec6f7527401f37369b3997eb3b012d3ce2a8fdd071067faf84e
  original:
    hackage: digestive-functors-0.8.4.0
- completed:
    hackage: digestive-functors-aeson-1.1.27@sha256:a389cfeda1f5f376968b14afc631587abb93172e182b63422b8ddb3d8522c621,1584
    pantry-tree:
      size: 346
      sha256: 7a26dd5aad398f01bf3cb11ff887e9e1054eab1b2bd436b9494720f4be69baba
  original:
    hackage: digestive-functors-aeson-1.1.27
snapshots:
- completed:
    size: 618506
    url: https://raw.githubusercontent.com/commercialhaskell/stackage-snapshots/master/lts/19/8.yaml
    sha256: f1c4aca9b9b81afbb9db55571acb0690cdc01ac97a178234de281f9dc075e95e
  original:
    url: https://raw.githubusercontent.com/commercialhaskell/stackage-snapshots/master/lts/19/8.yaml
